PODS:
  - Charts (3.1.1):
    - Charts/Core (= 3.1.1)
  - Charts/Core (3.1.1)
  - CryptoSwift (0.9.0)
  - GDAX_Swift (0.1.5):
    - CryptoSwift
    - Starscream
  - Starscream (3.0.5)

DEPENDENCIES:
  - Charts
  - GDAX_Swift (~> 0.1)

SPEC CHECKSUMS:
  Charts: 90a4d61da0f6e06684c591e3bcab11940fe61736
  CryptoSwift: bca8c5b653dcc2d9734409242a070ff53bafac86
  GDAX_Swift: 2b42d7b326b053b36dca12ec0544bc43e74cf68b
  Starscream: faf918b2f2eff7d5dd21180646bf015a669673bd

PODFILE CHECKSUM: fe04c2c3f2c29dd41b71b2328e8b27c48208c424

COCOAPODS: 1.3.1
