// !$*UTF8*$!
{
	archiveVersion = 1;
	classes = {
	};
	objectVersion = 48;
	objects = {

/* Begin PBXBuildFile section */
		19AB5B493C34CBDD60BE39D6 /* Pods_Tangle.framework in Frameworks */ = {isa = PBXBuildFile; fileRef = E8BA364A191B80B728BEB75D /* Pods_Tangle.framework */; };
		4C3804C42007C5A8009B5025 /* CustomTabBarController.swift in Sources */ = {isa = PBXBuildFile; fileRef = 4C3804C32007C5A8009B5025 /* CustomTabBarController.swift */; };
		4C3804C72007C873009B5025 /* ColorExtension.swift in Sources */ = {isa = PBXBuildFile; fileRef = 4C3804C62007C873009B5025 /* ColorExtension.swift */; };
		4C790D4E2007CB6F0022E3B8 /* ConstraintsExtension.swift in Sources */ = {isa = PBXBuildFile; fileRef = 4C790D4D2007CB6F0022E3B8 /* ConstraintsExtension.swift */; };
		4C790D502007E0660022E3B8 /* CoinCell.swift in Sources */ = {isa = PBXBuildFile; fileRef = 4C790D4F2007E0660022E3B8 /* CoinCell.swift */; };
		4C9161552007272900E63A2D /* AppDelegate.swift in Sources */ = {isa = PBXBuildFile; fileRef = 4C9161542007272900E63A2D /* AppDelegate.swift */; };
		4C9161572007272900E63A2D /* PortfolioController.swift in Sources */ = {isa = PBXBuildFile; fileRef = 4C9161562007272900E63A2D /* PortfolioController.swift */; };
		4C91615C2007272900E63A2D /* Assets.xcassets in Resources */ = {isa = PBXBuildFile; fileRef = 4C91615B2007272900E63A2D /* Assets.xcassets */; };
		4C91615F2007272900E63A2D /* LaunchScreen.storyboard in Resources */ = {isa = PBXBuildFile; fileRef = 4C91615D2007272900E63A2D /* LaunchScreen.storyboard */; };
/* End PBXBuildFile section */

/* Begin PBXFileReference section */
		1828F000252BB8A499B110DF /* Pods-Tangle.release.xcconfig */ = {isa = PBXFileReference; includeInIndex = 1; lastKnownFileType = text.xcconfig; name = "Pods-Tangle.release.xcconfig"; path = "Pods/Target Support Files/Pods-Tangle/Pods-Tangle.release.xcconfig"; sourceTree = "<group>"; };
		4C3804C32007C5A8009B5025 /* CustomTabBarController.swift */ = {isa = PBXFileReference; lastKnownFileType = sourcecode.swift; path = CustomTabBarController.swift; sourceTree = "<group>"; };
		4C3804C62007C873009B5025 /* ColorExtension.swift */ = {isa = PBXFileReference; lastKnownFileType = sourcecode.swift; path = ColorExtension.swift; sourceTree = "<group>"; };
		4C790D4D2007CB6F0022E3B8 /* ConstraintsExtension.swift */ = {isa = PBXFileReference; lastKnownFileType = sourcecode.swift; path = ConstraintsExtension.swift; sourceTree = "<group>"; };
		4C790D4F2007E0660022E3B8 /* CoinCell.swift */ = {isa = PBXFileReference; lastKnownFileType = sourcecode.swift; path = CoinCell.swift; sourceTree = "<group>"; };
		4C9161512007272900E63A2D /* Tangle.app */ = {isa = PBXFileReference; explicitFileType = wrapper.application; includeInIndex = 0; path = Tangle.app; sourceTree = BUILT_PRODUCTS_DIR; };
		4C9161542007272900E63A2D /* AppDelegate.swift */ = {isa = PBXFileReference; lastKnownFileType = sourcecode.swift; path = AppDelegate.swift; sourceTree = "<group>"; };
		4C9161562007272900E63A2D /* PortfolioController.swift */ = {isa = PBXFileReference; lastKnownFileType = sourcecode.swift; path = PortfolioController.swift; sourceTree = "<group>"; };
		4C91615B2007272900E63A2D /* Assets.xcassets */ = {isa = PBXFileReference; lastKnownFileType = folder.assetcatalog; path = Assets.xcassets; sourceTree = "<group>"; };
		4C91615E2007272900E63A2D /* Base */ = {isa = PBXFileReference; lastKnownFileType = file.storyboard; name = Base; path = Base.lproj/LaunchScreen.storyboard; sourceTree = "<group>"; };
		4C9161602007272900E63A2D /* Info.plist */ = {isa = PBXFileReference; lastKnownFileType = text.plist.xml; path = Info.plist; sourceTree = "<group>"; };
		9BAF5EE0A98883B061D6403B /* Pods-Tangle.debug.xcconfig */ = {isa = PBXFileReference; includeInIndex = 1; lastKnownFileType = text.xcconfig; name = "Pods-Tangle.debug.xcconfig"; path = "Pods/Target Support Files/Pods-Tangle/Pods-Tangle.debug.xcconfig"; sourceTree = "<group>"; };
		E8BA364A191B80B728BEB75D /* Pods_Tangle.framework */ = {isa = PBXFileReference; explicitFileType = wrapper.framework; includeInIndex = 0; path = Pods_Tangle.framework; sourceTree = BUILT_PRODUCTS_DIR; };
/* End PBXFileReference section */

/* Begin PBXFrameworksBuildPhase section */
		4C91614E2007272900E63A2D /* Frameworks */ = {
			isa = PBXFrameworksBuildPhase;
			buildActionMask = 2147483647;
			files = (
				19AB5B493C34CBDD60BE39D6 /* Pods_Tangle.framework in Frameworks */,
			);
			runOnlyForDeploymentPostprocessing = 0;
		};
/* End PBXFrameworksBuildPhase section */

/* Begin PBXGroup section */
		0F928B2C8E80D872C5A7EB75 /* Pods */ = {
			isa = PBXGroup;
			children = (
				9BAF5EE0A98883B061D6403B /* Pods-Tangle.debug.xcconfig */,
				1828F000252BB8A499B110DF /* Pods-Tangle.release.xcconfig */,
			);
			name = Pods;
			sourceTree = "<group>";
		};
		4C0B36A52007BAFC0071D038 /* Model */ = {
			isa = PBXGroup;
			children = (
			);
			path = Model;
			sourceTree = "<group>";
		};
		4C0B36A62007BB010071D038 /* View */ = {
			isa = PBXGroup;
			children = (
				4C790D4F2007E0660022E3B8 /* CoinCell.swift */,
			);
			path = View;
			sourceTree = "<group>";
		};
		4C0B36A72007BB070071D038 /* Controller */ = {
			isa = PBXGroup;
			children = (
				4C9161562007272900E63A2D /* PortfolioController.swift */,
				4C3804C32007C5A8009B5025 /* CustomTabBarController.swift */,
			);
			path = Controller;
			sourceTree = "<group>";
		};
		4C3804C52007C85E009B5025 /* Extensions */ = {
			isa = PBXGroup;
			children = (
				4C3804C62007C873009B5025 /* ColorExtension.swift */,
				4C790D4D2007CB6F0022E3B8 /* ConstraintsExtension.swift */,
			);
			path = Extensions;
			sourceTree = "<group>";
		};
		4C9161482007272900E63A2D = {
			isa = PBXGroup;
			children = (
				4C9161532007272900E63A2D /* Tangle */,
				4C9161522007272900E63A2D /* Products */,
				0F928B2C8E80D872C5A7EB75 /* Pods */,
				56EABF1FFDE757D983B9F487 /* Frameworks */,
			);
			sourceTree = "<group>";
		};
		4C9161522007272900E63A2D /* Products */ = {
			isa = PBXGroup;
			children = (
				4C9161512007272900E63A2D /* Tangle.app */,
			);
			name = Products;
			sourceTree = "<group>";
		};
		4C9161532007272900E63A2D /* Tangle */ = {
			isa = PBXGroup;
			children = (
				4C3804C52007C85E009B5025 /* Extensions */,
				4C0B36A52007BAFC0071D038 /* Model */,
				4C0B36A62007BB010071D038 /* View */,
				4C0B36A72007BB070071D038 /* Controller */,
				4C9161542007272900E63A2D /* AppDelegate.swift */,
				4C91615B2007272900E63A2D /* Assets.xcassets */,
				4C91615D2007272900E63A2D /* LaunchScreen.storyboard */,
				4C9161602007272900E63A2D /* Info.plist */,
			);
			path = Tangle;
			sourceTree = "<group>";
		};
		56EABF1FFDE757D983B9F487 /* Frameworks */ = {
			isa = PBXGroup;
			children = (
				E8BA364A191B80B728BEB75D /* Pods_Tangle.framework */,
			);
			name = Frameworks;
			sourceTree = "<group>";
		};
/* End PBXGroup section */

/* Begin PBXNativeTarget section */
		4C9161502007272900E63A2D /* Tangle */ = {
			isa = PBXNativeTarget;
			buildConfigurationList = 4C9161632007272900E63A2D /* Build configuration list for PBXNativeTarget "Tangle" */;
			buildPhases = (
				88C9084BD0A4FE7575A538C6 /* [CP] Check Pods Manifest.lock */,
				4C91614D2007272900E63A2D /* Sources */,
				4C91614E2007272900E63A2D /* Frameworks */,
				4C91614F2007272900E63A2D /* Resources */,
				9578C234ABDDAA1B22405F2F /* [CP] Embed Pods Frameworks */,
				38ECA30FF39CB5A90EEE65D7 /* [CP] Copy Pods Resources */,
			);
			buildRules = (
			);
			dependencies = (
			);
			name = Tangle;
			productName = Tangle;
			productReference = 4C9161512007272900E63A2D /* Tangle.app */;
			productType = "com.apple.product-type.application";
		};
/* End PBXNativeTarget section */

/* Begin PBXProject section */
		4C9161492007272900E63A2D /* Project object */ = {
			isa = PBXProject;
			attributes = {
				LastSwiftUpdateCheck = 0920;
				LastUpgradeCheck = 0920;
				ORGANIZATIONNAME = "Michael Lema";
				TargetAttributes = {
					4C9161502007272900E63A2D = {
						CreatedOnToolsVersion = 9.2;
						ProvisioningStyle = Automatic;
					};
				};
			};
			buildConfigurationList = 4C91614C2007272900E63A2D /* Build configuration list for PBXProject "Tangle" */;
			compatibilityVersion = "Xcode 8.0";
			developmentRegion = en;
			hasScannedForEncodings = 0;
			knownRegions = (
				en,
				Base,
			);
			mainGroup = 4C9161482007272900E63A2D;
			productRefGroup = 4C9161522007272900E63A2D /* Products */;
			projectDirPath = "";
			projectRoot = "";
			targets = (
				4C9161502007272900E63A2D /* Tangle */,
			);
		};
/* End PBXProject section */

/* Begin PBXResourcesBuildPhase section */
		4C91614F2007272900E63A2D /* Resources */ = {
			isa = PBXResourcesBuildPhase;
			buildActionMask = 2147483647;
			files = (
				4C91615F2007272900E63A2D /* LaunchScreen.storyboard in Resources */,
				4C91615C2007272900E63A2D /* Assets.xcassets in Resources */,
			);
			runOnlyForDeploymentPostprocessing = 0;
		};
/* End PBXResourcesBuildPhase section */

/* Begin PBXShellScriptBuildPhase section */
		38ECA30FF39CB5A90EEE65D7 /* [CP] Copy Pods Resources */ = {
			isa = PBXShellScriptBuildPhase;
			buildActionMask = 2147483647;
			files = (
			);
			inputPaths = (
			);
			name = "[CP] Copy Pods Resources";
			outputPaths = (
			);
			runOnlyForDeploymentPostprocessing = 0;
			shellPath = /bin/sh;
			shellScript = "\"${SRCROOT}/Pods/Target Support Files/Pods-Tangle/Pods-Tangle-resources.sh\"\n";
			showEnvVarsInLog = 0;
		};
		88C9084BD0A4FE7575A538C6 /* [CP] Check Pods Manifest.lock */ = {
			isa = PBXShellScriptBuildPhase;
			buildActionMask = 2147483647;
			files = (
			);
			inputPaths = (
				"${PODS_PODFILE_DIR_PATH}/Podfile.lock",
				"${PODS_ROOT}/Manifest.lock",
			);
			name = "[CP] Check Pods Manifest.lock";
			outputPaths = (
				"$(DERIVED_FILE_DIR)/Pods-Tangle-checkManifestLockResult.txt",
			);
			runOnlyForDeploymentPostprocessing = 0;
			shellPath = /bin/sh;
			shellScript = "diff \"${PODS_PODFILE_DIR_PATH}/Podfile.lock\" \"${PODS_ROOT}/Manifest.lock\" > /dev/null\nif [ $? != 0 ] ; then\n    # print error to STDERR\n    echo \"error: The sandbox is not in sync with the Podfile.lock. Run 'pod install' or update your CocoaPods installation.\" >&2\n    exit 1\nfi\n# This output is used by Xcode 'outputs' to avoid re-running this script phase.\necho \"SUCCESS\" > \"${SCRIPT_OUTPUT_FILE_0}\"\n";
			showEnvVarsInLog = 0;
		};
		9578C234ABDDAA1B22405F2F /* [CP] Embed Pods Frameworks */ = {
			isa = PBXShellScriptBuildPhase;
			buildActionMask = 2147483647;
			files = (
			);
			inputPaths = (
				"${SRCROOT}/Pods/Target Support Files/Pods-Tangle/Pods-Tangle-frameworks.sh",
				"${BUILT_PRODUCTS_DIR}/Charts/Charts.framework",
			);
			name = "[CP] Embed Pods Frameworks";
			outputPaths = (
				"${TARGET_BUILD_DIR}/${FRAMEWORKS_FOLDER_PATH}/Charts.framework",
			);
			runOnlyForDeploymentPostprocessing = 0;
			shellPath = /bin/sh;
			shellScript = "\"${SRCROOT}/Pods/Target Support Files/Pods-Tangle/Pods-Tangle-frameworks.sh\"\n";
			showEnvVarsInLog = 0;
		};
/* End PBXShellScriptBuildPhase section */

/* Begin PBXSourcesBuildPhase section */
		4C91614D2007272900E63A2D /* Sources */ = {
			isa = PBXSourcesBuildPhase;
			buildActionMask = 2147483647;
			files = (
				4C9161572007272900E63A2D /* PortfolioController.swift in Sources */,
				4C9161552007272900E63A2D /* AppDelegate.swift in Sources */,
				4C3804C42007C5A8009B5025 /* CustomTabBarController.swift in Sources */,
				4C790D4E2007CB6F0022E3B8 /* ConstraintsExtension.swift in Sources */,
				4C790D502007E0660022E3B8 /* CoinCell.swift in Sources */,
				4C3804C72007C873009B5025 /* ColorExtension.swift in Sources */,
			);
			runOnlyForDeploymentPostprocessing = 0;
		};
/* End PBXSourcesBuildPhase section */

/* Begin PBXVariantGroup section */
		4C91615D2007272900E63A2D /* LaunchScreen.storyboard */ = {
			isa = PBXVariantGroup;
			children = (
				4C91615E2007272900E63A2D /* Base */,
			);
			name = LaunchScreen.storyboard;
			sourceTree = "<group>";
		};
/* End PBXVariantGroup section */

/* Begin XCBuildConfiguration section */
		4C9161612007272900E63A2D /* Debug */ = {
			isa = XCBuildConfiguration;
			buildSettings = {
				ALWAYS_SEARCH_USER_PATHS = NO;
				CLANG_ANALYZER_NONNULL = YES;
				CLANG_ANALYZER_NUMBER_OBJECT_CONVERSION = YES_AGGRESSIVE;
				CLANG_CXX_LANGUAGE_STANDARD = "gnu++14";
				CLANG_CXX_LIBRARY = "libc++";
				CLANG_ENABLE_MODULES = YES;
				CLANG_ENABLE_OBJC_ARC = YES;
				CLANG_WARN_BLOCK_CAPTURE_AUTORELEASING = YES;
				CLANG_WARN_BOOL_CONVERSION = YES;
				CLANG_WARN_COMMA = YES;
				CLANG_WARN_CONSTANT_CONVERSION = YES;
				CLANG_WARN_DIRECT_OBJC_ISA_USAGE = YES_ERROR;
				CLANG_WARN_DOCUMENTATION_COMMENTS = YES;
				CLANG_WARN_EMPTY_BODY = YES;
				CLANG_WARN_ENUM_CONVERSION = YES;
				CLANG_WARN_INFINITE_RECURSION = YES;
				CLANG_WARN_INT_CONVERSION = YES;
				CLANG_WARN_NON_LITERAL_NULL_CONVERSION = YES;
				CLANG_WARN_OBJC_LITERAL_CONVERSION = YES;
				CLANG_WARN_OBJC_ROOT_CLASS = YES_ERROR;
				CLANG_WARN_RANGE_LOOP_ANALYSIS = YES;
				CLANG_WARN_STRICT_PROTOTYPES = YES;
				CLANG_WARN_SUSPICIOUS_MOVE = YES;
				CLANG_WARN_UNGUARDED_AVAILABILITY = YES_AGGRESSIVE;
				CLANG_WARN_UNREACHABLE_CODE = YES;
				CLANG_WARN__DUPLICATE_METHOD_MATCH = YES;
				CODE_SIGN_IDENTITY = "iPhone Developer";
				COPY_PHASE_STRIP = NO;
				DEBUG_INFORMATION_FORMAT = dwarf;
				ENABLE_STRICT_OBJC_MSGSEND = YES;
				ENABLE_TESTABILITY = YES;
				GCC_C_LANGUAGE_STANDARD = gnu11;
				GCC_DYNAMIC_NO_PIC = NO;
				GCC_NO_COMMON_BLOCKS = YES;
				GCC_OPTIMIZATION_LEVEL = 0;
				GCC_PREPROCESSOR_DEFINITIONS = (
					"DEBUG=1",
					"$(inherited)",
				);
				GCC_WARN_64_TO_32_BIT_CONVERSION = YES;
				GCC_WARN_ABOUT_RETURN_TYPE = YES_ERROR;
				GCC_WARN_UNDECLARED_SELECTOR = YES;
				GCC_WARN_UNINITIALIZED_AUTOS = YES_AGGRESSIVE;
				GCC_WARN_UNUSED_FUNCTION = YES;
				GCC_WARN_UNUSED_VARIABLE = YES;
				IPHONEOS_DEPLOYMENT_TARGET = 11.2;
				MTL_ENABLE_DEBUG_INFO = YES;
				ONLY_ACTIVE_ARCH = YES;
				SDKROOT = iphoneos;
				SWIFT_ACTIVE_COMPILATION_CONDITIONS = DEBUG;
				SWIFT_OPTIMIZATION_LEVEL = "-Onone";
			};
			name = Debug;
		};
		4C9161622007272900E63A2D /* Release */ = {
			isa = XCBuildConfiguration;
			buildSettings = {
				ALWAYS_SEARCH_USER_PATHS = NO;
				CLANG_ANALYZER_NONNULL = YES;
				CLANG_ANALYZER_NUMBER_OBJECT_CONVERSION = YES_AGGRESSIVE;
				CLANG_CXX_LANGUAGE_STANDARD = "gnu++14";
				CLANG_CXX_LIBRARY = "libc++";
				CLANG_ENABLE_MODULES = YES;
				CLANG_ENABLE_OBJC_ARC = YES;
				CLANG_WARN_BLOCK_CAPTURE_AUTORELEASING = YES;
				CLANG_WARN_BOOL_CONVERSION = YES;
				CLANG_WARN_COMMA = YES;
				CLANG_WARN_CONSTANT_CONVERSION = YES;
				CLANG_WARN_DIRECT_OBJC_ISA_USAGE = YES_ERROR;
				CLANG_WARN_DOCUMENTATION_COMMENTS = YES;
				CLANG_WARN_EMPTY_BODY = YES;
				CLANG_WARN_ENUM_CONVERSION = YES;
				CLANG_WARN_INFINITE_RECURSION = YES;
				CLANG_WARN_INT_CONVERSION = YES;
				CLANG_WARN_NON_LITERAL_NULL_CONVERSION = YES;
				CLANG_WARN_OBJC_LITERAL_CONVERSION = YES;
				CLANG_WARN_OBJC_ROOT_CLASS = YES_ERROR;
				CLANG_WARN_RANGE_LOOP_ANALYSIS = YES;
				CLANG_WARN_STRICT_PROTOTYPES = YES;
				CLANG_WARN_SUSPICIOUS_MOVE = YES;
				CLANG_WARN_UNGUARDED_AVAILABILITY = YES_AGGRESSIVE;
				CLANG_WARN_UNREACHABLE_CODE = YES;
				CLANG_WARN__DUPLICATE_METHOD_MATCH = YES;
				CODE_SIGN_IDENTITY = "iPhone Developer";
				COPY_PHASE_STRIP = NO;
				DEBUG_INFORMATION_FORMAT = "dwarf-with-dsym";
				ENABLE_NS_ASSERTIONS = NO;
				ENABLE_STRICT_OBJC_MSGSEND = YES;
				GCC_C_LANGUAGE_STANDARD = gnu11;
				GCC_NO_COMMON_BLOCKS = YES;
				GCC_WARN_64_TO_32_BIT_CONVERSION = YES;
				GCC_WARN_ABOUT_RETURN_TYPE = YES_ERROR;
				GCC_WARN_UNDECLARED_SELECTOR = YES;
				GCC_WARN_UNINITIALIZED_AUTOS = YES_AGGRESSIVE;
				GCC_WARN_UNUSED_FUNCTION = YES;
				GCC_WARN_UNUSED_VARIABLE = YES;
				IPHONEOS_DEPLOYMENT_TARGET = 11.2;
				MTL_ENABLE_DEBUG_INFO = NO;
				SDKROOT = iphoneos;
				SWIFT_OPTIMIZATION_LEVEL = "-Owholemodule";
				VALIDATE_PRODUCT = YES;
			};
			name = Release;
		};
		4C9161642007272900E63A2D /* Debug */ = {
			isa = XCBuildConfiguration;
			baseConfigurationReference = 9BAF5EE0A98883B061D6403B /* Pods-Tangle.debug.xcconfig */;
			buildSettings = {
				ASSETCATALOG_COMPILER_APPICON_NAME = AppIcon;
				CODE_SIGN_STYLE = Automatic;
				DEVELOPMENT_TEAM = MFNQ54N2S6;
				INFOPLIST_FILE = Tangle/Info.plist;
				IPHONEOS_DEPLOYMENT_TARGET = 10.0;
				LD_RUNPATH_SEARCH_PATHS = "$(inherited) @executable_path/Frameworks";
				PRODUCT_BUNDLE_IDENTIFIER = com.MichaeLema.Tangle;
				PRODUCT_NAME = "$(TARGET_NAME)";
				SWIFT_VERSION = 4.0;
				TARGETED_DEVICE_FAMILY = 1;
			};
			name = Debug;
		};
		4C9161652007272900E63A2D /* Release */ = {
			isa = XCBuildConfiguration;
			baseConfigurationReference = 1828F000252BB8A499B110DF /* Pods-Tangle.release.xcconfig */;
			buildSettings = {
				ASSETCATALOG_COMPILER_APPICON_NAME = AppIcon;
				CODE_SIGN_STYLE = Automatic;
				DEVELOPMENT_TEAM = MFNQ54N2S6;
				INFOPLIST_FILE = Tangle/Info.plist;
				IPHONEOS_DEPLOYMENT_TARGET = 10.0;
				LD_RUNPATH_SEARCH_PATHS = "$(inherited) @executable_path/Frameworks";
				PRODUCT_BUNDLE_IDENTIFIER = com.MichaeLema.Tangle;
				PRODUCT_NAME = "$(TARGET_NAME)";
				SWIFT_VERSION = 4.0;
				TARGETED_DEVICE_FAMILY = 1;
			};
			name = Release;
		};
/* End XCBuildConfiguration section */

/* Begin XCConfigurationList section */
		4C91614C2007272900E63A2D /* Build configuration list for PBXProject "Tangle" */ = {
			isa = XCConfigurationList;
			buildConfigurations = (
				4C9161612007272900E63A2D /* Debug */,
				4C9161622007272900E63A2D /* Release */,
			);
			defaultConfigurationIsVisible = 0;
			defaultConfigurationName = Release;
		};
		4C9161632007272900E63A2D /* Build configuration list for PBXNativeTarget "Tangle" */ = {
			isa = XCConfigurationList;
			buildConfigurations = (
				4C9161642007272900E63A2D /* Debug */,
				4C9161652007272900E63A2D /* Release */,
			);
			defaultConfigurationIsVisible = 0;
			defaultConfigurationName = Release;
		};
/* End XCConfigurationList section */
	};
	rootObject = 4C9161492007272900E63A2D /* Project object */;
}
